
Microsoft Visual Studio Solution File, Format Version 12.00
# Visual Studio Version 16
VisualStudioVersion = 16.0.29306.81
MinimumVisualStudioVersion = 10.0.40219.1
Project("{FAE04EC0-301F-11D3-BF4B-00C04F79EFBC}") = "MCTG", "MCTG\MCTG.csproj", "{2BB303C9-D4F9-4CB6-9DAE-AB89D8039A5D}"
EndProject
Project("{FAE04EC0-301F-11D3-BF4B-00C04F79EFBC}") = "MCTGclass", "MCTGclass\MCTGclass.csproj", "{EF07566C-BE85-4485-B02F-B6B474EEB86C}"
EndProject
Project("{FAE04EC0-301F-11D3-BF4B-00C04F79EFBC}") = "MCTGNUnit", "MCTGNUnit\MCTGNUnit.csproj", "{EFECF94D-525F-4782-AAB3-63206E9639AA}"
EndProject
Global
	GlobalSection(SolutionConfigurationPlatforms) = preSolution
		Debug|Any CPU = Debug|Any CPU
		Debug|ARM = Debug|ARM
		Debug|ARM64 = Debug|ARM64
		Debug|x64 = Debug|x64
		Debug|x86 = Debug|x86
		Release|Any CPU = Release|Any CPU
		Release|ARM = Release|ARM
		Release|ARM64 = Release|ARM64
		Release|x64 = Release|x64
		Release|x86 = Release|x86
	EndGlobalSection
	GlobalSection(ProjectConfigurationPlatforms) = postSolution
		{2BB303C9-D4F9-4CB6-9DAE-AB89D8039A5D}.Debug|Any CPU.ActiveCfg = Debug|Any CPU
		{2BB303C9-D4F9-4CB6-9DAE-AB89D8039A5D}.Debug|Any CPU.Build.0 = Debug|Any CPU
		{2BB303C9-D4F9-4CB6-9DAE-AB89D8039A5D}.Debug|ARM.ActiveCfg = Debug|Any CPU
		{2BB303C9-D4F9-4CB6-9DAE-AB89D8039A5D}.Debug|ARM.Build.0 = Debug|Any CPU
		{2BB303C9-D4F9-4CB6-9DAE-AB89D8039A5D}.Debug|ARM64.ActiveCfg = Debug|Any CPU
		{2BB303C9-D4F9-4CB6-9DAE-AB89D8039A5D}.Debug|ARM64.Build.0 = Debug|Any CPU
		{2BB303C9-D4F9-4CB6-9DAE-AB89D8039A5D}.Debug|x64.ActiveCfg = Debug|Any CPU
		{2BB303C9-D4F9-4CB6-9DAE-AB89D8039A5D}.Debug|x64.Build.0 = Debug|Any CPU
		{2BB303C9-D4F9-4CB6-9DAE-AB89D8039A5D}.Debug|x86.ActiveCfg = Debug|Any CPU
		{2BB303C9-D4F9-4CB6-9DAE-AB89D8039A5D}.Debug|x86.Build.0 = Debug|Any CPU
		{2BB303C9-D4F9-4CB6-9DAE-AB89D8039A5D}.Release|Any CPU.ActiveCfg = Release|Any CPU
		{2BB303C9-D4F9-4CB6-9DAE-AB89D8039A5D}.Release|Any CPU.Build.0 = Release|Any CPU
		{2BB303C9-D4F9-4CB6-9DAE-AB89D8039A5D}.Release|ARM.ActiveCfg = Release|Any CPU
		{2BB303C9-D4F9-4CB6-9DAE-AB89D8039A5D}.Release|ARM.Build.0 = Release|Any CPU
		{2BB303C9-D4F9-4CB6-9DAE-AB89D8039A5D}.Release|ARM64.ActiveCfg = Release|Any CPU
		{2BB303C9-D4F9-4CB6-9DAE-AB89D8039A5D}.Release|ARM64.Build.0 = Release|Any CPU
		{2BB303C9-D4F9-4CB6-9DAE-AB89D8039A5D}.Release|x64.ActiveCfg = Release|Any CPU
		{2BB303C9-D4F9-4CB6-9DAE-AB89D8039A5D}.Release|x64.Build.0 = Release|Any CPU
		{2BB303C9-D4F9-4CB6-9DAE-AB89D8039A5D}.Release|x86.ActiveCfg = Release|Any CPU
		{2BB303C9-D4F9-4CB6-9DAE-AB89D8039A5D}.Release|x86.Build.0 = Release|Any CPU
		{EF07566C-BE85-4485-B02F-B6B474EEB86C}.Debug|Any CPU.ActiveCfg = Debug|Any CPU
		{EF07566C-BE85-4485-B02F-B6B474EEB86C}.Debug|Any CPU.Build.0 = Debug|Any CPU
		{EF07566C-BE85-4485-B02F-B6B474EEB86C}.Debug|ARM.ActiveCfg = Debug|ARM
		{EF07566C-BE85-4485-B02F-B6B474EEB86C}.Debug|ARM.Build.0 = Debug|ARM
		{EF07566C-BE85-4485-B02F-B6B474EEB86C}.Debug|ARM64.ActiveCfg = Debug|ARM64
		{EF07566C-BE85-4485-B02F-B6B474EEB86C}.Debug|ARM64.Build.0 = Debug|ARM64
		{EF07566C-BE85-4485-B02F-B6B474EEB86C}.Debug|x64.ActiveCfg = Debug|x64
		{EF07566C-BE85-4485-B02F-B6B474EEB86C}.Debug|x64.Build.0 = Debug|x64
		{EF07566C-BE85-4485-B02F-B6B474EEB86C}.Debug|x86.ActiveCfg = Debug|x86
		{EF07566C-BE85-4485-B02F-B6B474EEB86C}.Debug|x86.Build.0 = Debug|x86
		{EF07566C-BE85-4485-B02F-B6B474EEB86C}.Release|Any CPU.ActiveCfg = Release|Any CPU
		{EF07566C-BE85-4485-B02F-B6B474EEB86C}.Release|Any CPU.Build.0 = Release|Any CPU
		{EF07566C-BE85-4485-B02F-B6B474EEB86C}.Release|ARM.ActiveCfg = Release|ARM
		{EF07566C-BE85-4485-B02F-B6B474EEB86C}.Release|ARM.Build.0 = Release|ARM
		{EF07566C-BE85-4485-B02F-B6B474EEB86C}.Release|ARM64.ActiveCfg = Release|ARM64
		{EF07566C-BE85-4485-B02F-B6B474EEB86C}.Release|ARM64.Build.0 = Release|ARM64
		{EF07566C-BE85-4485-B02F-B6B474EEB86C}.Release|x64.ActiveCfg = Release|x64
		{EF07566C-BE85-4485-B02F-B6B474EEB86C}.Release|x64.Build.0 = Release|x64
		{EF07566C-BE85-4485-B02F-B6B474EEB86C}.Release|x86.ActiveCfg = Release|x86
		{EF07566C-BE85-4485-B02F-B6B474EEB86C}.Release|x86.Build.0 = Release|x86
		{EFECF94D-525F-4782-AAB3-63206E9639AA}.Debug|Any CPU.ActiveCfg = Debug|Any CPU
		{EFECF94D-525F-4782-AAB3-63206E9639AA}.Debug|Any CPU.Build.0 = Debug|Any CPU
		{EFECF94D-525F-4782-AAB3-63206E9639AA}.Debug|ARM.ActiveCfg = Debug|Any CPU
		{EFECF94D-525F-4782-AAB3-63206E9639AA}.Debug|ARM.Build.0 = Debug|Any CPU
		{EFECF94D-525F-4782-AAB3-63206E9639AA}.Debug|ARM64.ActiveCfg = Debug|Any CPU
		{EFECF94D-525F-4782-AAB3-63206E9639AA}.Debug|ARM64.Build.0 = Debug|Any CPU
		{EFECF94D-525F-4782-AAB3-63206E9639AA}.Debug|x64.ActiveCfg = Debug|Any CPU
		{EFECF94D-525F-4782-AAB3-63206E9639AA}.Debug|x64.Build.0 = Debug|Any CPU
		{EFECF94D-525F-4782-AAB3-63206E9639AA}.Debug|x86.ActiveCfg = Debug|Any CPU
		{EFECF94D-525F-4782-AAB3-63206E9639AA}.Debug|x86.Build.0 = Debug|Any CPU
		{EFECF94D-525F-4782-AAB3-63206E9639AA}.Release|Any CPU.ActiveCfg = Release|Any CPU
		{EFECF94D-525F-4782-AAB3-63206E9639AA}.Release|Any CPU.Build.0 = Release|Any CPU
		{EFECF94D-525F-4782-AAB3-63206E9639AA}.Release|ARM.ActiveCfg = Release|Any CPU
		{EFECF94D-525F-4782-AAB3-63206E9639AA}.Release|ARM.Build.0 = Release|Any CPU
		{EFECF94D-525F-4782-AAB3-63206E9639AA}.Release|ARM64.ActiveCfg = Release|Any CPU
		{EFECF94D-525F-4782-AAB3-63206E9639AA}.Release|ARM64.Build.0 = Release|Any CPU
		{EFECF94D-525F-4782-AAB3-63206E9639AA}.Release|x64.ActiveCfg = Release|Any CPU
		{EFECF94D-525F-4782-AAB3-63206E9639AA}.Release|x64.Build.0 = Release|Any CPU
		{EFECF94D-525F-4782-AAB3-63206E9639AA}.Release|x86.ActiveCfg = Release|Any CPU
		{EFECF94D-525F-4782-AAB3-63206E9639AA}.Release|x86.Build.0 = Release|Any CPU
	EndGlobalSection
	GlobalSection(SolutionProperties) = preSolution
		HideSolutionNode = FALSE
	EndGlobalSection
	GlobalSection(ExtensibilityGlobals) = postSolution
		SolutionGuid = {80A56D26-9320-459B-9413-C793553AF01C}
	EndGlobalSection
EndGlobal
