
Microsoft Visual Studio Solution File, Format Version 12.00
# Visual Studio Version 16
VisualStudioVersion = 16.0.29306.81
MinimumVisualStudioVersion = 10.0.40219.1
Project("{9A19103F-16F7-4668-BE54-9A1E7A4F7556}") = "MCTG", "MCTG\MCTG.csproj", "{2BB303C9-D4F9-4CB6-9DAE-AB89D8039A5D}"
EndProject
Project("{9A19103F-16F7-4668-BE54-9A1E7A4F7556}") = "MCTGNUnit", "MCTGNUnit\MCTGNUnit.csproj", "{EFECF94D-525F-4782-AAB3-63206E9639AA}"
EndProject

Project("{9A19103F-16F7-4668-BE54-9A1E7A4F7556}") = "MCTGLib", "MCTGLib\MCTGLib.csproj", "{B6F9AF58-CD9F-45B5-9B58-B240726A33C6}"
EndProject
Project("{FAE04EC0-301F-11D3-BF4B-00C04F79EFBC}") = "RestAPIServerLib", "RestAPIServerLib\RestAPIServerLib.csproj", "{237D82C7-9CF2-4BA7-AF66-7F7E7D6741A3}"

EndProject
Global
	GlobalSection(SolutionConfigurationPlatforms) = preSolution
		Debug|Any CPU = Debug|Any CPU
		Debug|ARM = Debug|ARM
		Debug|ARM64 = Debug|ARM64
		Debug|x64 = Debug|x64
		Debug|x86 = Debug|x86
		Release|Any CPU = Release|Any CPU
		Release|ARM = Release|ARM
		Release|ARM64 = Release|ARM64
		Release|x64 = Release|x64
		Release|x86 = Release|x86
	EndGlobalSection
	GlobalSection(ProjectConfigurationPlatforms) = postSolution
		{2BB303C9-D4F9-4CB6-9DAE-AB89D8039A5D}.Debug|Any CPU.ActiveCfg = Debug|Any CPU
		{2BB303C9-D4F9-4CB6-9DAE-AB89D8039A5D}.Debug|Any CPU.Build.0 = Debug|Any CPU
		{2BB303C9-D4F9-4CB6-9DAE-AB89D8039A5D}.Debug|ARM.ActiveCfg = Debug|Any CPU
		{2BB303C9-D4F9-4CB6-9DAE-AB89D8039A5D}.Debug|ARM.Build.0 = Debug|Any CPU
		{2BB303C9-D4F9-4CB6-9DAE-AB89D8039A5D}.Debug|ARM64.ActiveCfg = Debug|Any CPU
		{2BB303C9-D4F9-4CB6-9DAE-AB89D8039A5D}.Debug|ARM64.Build.0 = Debug|Any CPU
		{2BB303C9-D4F9-4CB6-9DAE-AB89D8039A5D}.Debug|x64.ActiveCfg = Debug|Any CPU
		{2BB303C9-D4F9-4CB6-9DAE-AB89D8039A5D}.Debug|x64.Build.0 = Debug|Any CPU
		{2BB303C9-D4F9-4CB6-9DAE-AB89D8039A5D}.Debug|x86.ActiveCfg = Debug|Any CPU
		{2BB303C9-D4F9-4CB6-9DAE-AB89D8039A5D}.Debug|x86.Build.0 = Debug|Any CPU
		{2BB303C9-D4F9-4CB6-9DAE-AB89D8039A5D}.Release|Any CPU.ActiveCfg = Release|Any CPU
		{2BB303C9-D4F9-4CB6-9DAE-AB89D8039A5D}.Release|Any CPU.Build.0 = Release|Any CPU
		{2BB303C9-D4F9-4CB6-9DAE-AB89D8039A5D}.Release|ARM.ActiveCfg = Release|Any CPU
		{2BB303C9-D4F9-4CB6-9DAE-AB89D8039A5D}.Release|ARM.Build.0 = Release|Any CPU
		{2BB303C9-D4F9-4CB6-9DAE-AB89D8039A5D}.Release|ARM64.ActiveCfg = Release|Any CPU
		{2BB303C9-D4F9-4CB6-9DAE-AB89D8039A5D}.Release|ARM64.Build.0 = Release|Any CPU
		{2BB303C9-D4F9-4CB6-9DAE-AB89D8039A5D}.Release|x64.ActiveCfg = Release|Any CPU
		{2BB303C9-D4F9-4CB6-9DAE-AB89D8039A5D}.Release|x64.Build.0 = Release|Any CPU
		{2BB303C9-D4F9-4CB6-9DAE-AB89D8039A5D}.Release|x86.ActiveCfg = Release|Any CPU
		{2BB303C9-D4F9-4CB6-9DAE-AB89D8039A5D}.Release|x86.Build.0 = Release|Any CPU
		{EFECF94D-525F-4782-AAB3-63206E9639AA}.Debug|Any CPU.ActiveCfg = Debug|Any CPU
		{EFECF94D-525F-4782-AAB3-63206E9639AA}.Debug|Any CPU.Build.0 = Debug|Any CPU
		{EFECF94D-525F-4782-AAB3-63206E9639AA}.Debug|ARM.ActiveCfg = Debug|Any CPU
		{EFECF94D-525F-4782-AAB3-63206E9639AA}.Debug|ARM.Build.0 = Debug|Any CPU
		{EFECF94D-525F-4782-AAB3-63206E9639AA}.Debug|ARM64.ActiveCfg = Debug|Any CPU
		{EFECF94D-525F-4782-AAB3-63206E9639AA}.Debug|ARM64.Build.0 = Debug|Any CPU
		{EFECF94D-525F-4782-AAB3-63206E9639AA}.Debug|x64.ActiveCfg = Debug|Any CPU
		{EFECF94D-525F-4782-AAB3-63206E9639AA}.Debug|x64.Build.0 = Debug|Any CPU
		{EFECF94D-525F-4782-AAB3-63206E9639AA}.Debug|x86.ActiveCfg = Debug|Any CPU
		{EFECF94D-525F-4782-AAB3-63206E9639AA}.Debug|x86.Build.0 = Debug|Any CPU
		{EFECF94D-525F-4782-AAB3-63206E9639AA}.Release|Any CPU.ActiveCfg = Release|Any CPU
		{EFECF94D-525F-4782-AAB3-63206E9639AA}.Release|Any CPU.Build.0 = Release|Any CPU
		{EFECF94D-525F-4782-AAB3-63206E9639AA}.Release|ARM.ActiveCfg = Release|Any CPU
		{EFECF94D-525F-4782-AAB3-63206E9639AA}.Release|ARM.Build.0 = Release|Any CPU
		{EFECF94D-525F-4782-AAB3-63206E9639AA}.Release|ARM64.ActiveCfg = Release|Any CPU
		{EFECF94D-525F-4782-AAB3-63206E9639AA}.Release|ARM64.Build.0 = Release|Any CPU
		{EFECF94D-525F-4782-AAB3-63206E9639AA}.Release|x64.ActiveCfg = Release|Any CPU
		{EFECF94D-525F-4782-AAB3-63206E9639AA}.Release|x64.Build.0 = Release|Any CPU
		{EFECF94D-525F-4782-AAB3-63206E9639AA}.Release|x86.ActiveCfg = Release|Any CPU
		{EFECF94D-525F-4782-AAB3-63206E9639AA}.Release|x86.Build.0 = Release|Any CPU
		{B6F9AF58-CD9F-45B5-9B58-B240726A33C6}.Debug|Any CPU.ActiveCfg = Debug|Any CPU
		{B6F9AF58-CD9F-45B5-9B58-B240726A33C6}.Debug|Any CPU.Build.0 = Debug|Any CPU
		{B6F9AF58-CD9F-45B5-9B58-B240726A33C6}.Debug|ARM.ActiveCfg = Debug|Any CPU
		{B6F9AF58-CD9F-45B5-9B58-B240726A33C6}.Debug|ARM.Build.0 = Debug|Any CPU
		{B6F9AF58-CD9F-45B5-9B58-B240726A33C6}.Debug|ARM64.ActiveCfg = Debug|Any CPU
		{B6F9AF58-CD9F-45B5-9B58-B240726A33C6}.Debug|ARM64.Build.0 = Debug|Any CPU
		{B6F9AF58-CD9F-45B5-9B58-B240726A33C6}.Debug|x64.ActiveCfg = Debug|Any CPU
		{B6F9AF58-CD9F-45B5-9B58-B240726A33C6}.Debug|x64.Build.0 = Debug|Any CPU
		{B6F9AF58-CD9F-45B5-9B58-B240726A33C6}.Debug|x86.ActiveCfg = Debug|Any CPU
		{B6F9AF58-CD9F-45B5-9B58-B240726A33C6}.Debug|x86.Build.0 = Debug|Any CPU
		{B6F9AF58-CD9F-45B5-9B58-B240726A33C6}.Release|Any CPU.ActiveCfg = Release|Any CPU
		{B6F9AF58-CD9F-45B5-9B58-B240726A33C6}.Release|Any CPU.Build.0 = Release|Any CPU
		{B6F9AF58-CD9F-45B5-9B58-B240726A33C6}.Release|ARM.ActiveCfg = Release|Any CPU
		{B6F9AF58-CD9F-45B5-9B58-B240726A33C6}.Release|ARM.Build.0 = Release|Any CPU
		{B6F9AF58-CD9F-45B5-9B58-B240726A33C6}.Release|ARM64.ActiveCfg = Release|Any CPU
		{B6F9AF58-CD9F-45B5-9B58-B240726A33C6}.Release|ARM64.Build.0 = Release|Any CPU
		{B6F9AF58-CD9F-45B5-9B58-B240726A33C6}.Release|x64.ActiveCfg = Release|Any CPU
		{B6F9AF58-CD9F-45B5-9B58-B240726A33C6}.Release|x64.Build.0 = Release|Any CPU
		{B6F9AF58-CD9F-45B5-9B58-B240726A33C6}.Release|x86.ActiveCfg = Release|Any CPU
		{B6F9AF58-CD9F-45B5-9B58-B240726A33C6}.Release|x86.Build.0 = Release|Any CPU
		{237D82C7-9CF2-4BA7-AF66-7F7E7D6741A3}.Debug|Any CPU.ActiveCfg = Debug|Any CPU
		{237D82C7-9CF2-4BA7-AF66-7F7E7D6741A3}.Debug|Any CPU.Build.0 = Debug|Any CPU
		{237D82C7-9CF2-4BA7-AF66-7F7E7D6741A3}.Debug|ARM.ActiveCfg = Debug|Any CPU
		{237D82C7-9CF2-4BA7-AF66-7F7E7D6741A3}.Debug|ARM.Build.0 = Debug|Any CPU
		{237D82C7-9CF2-4BA7-AF66-7F7E7D6741A3}.Debug|ARM64.ActiveCfg = Debug|Any CPU
		{237D82C7-9CF2-4BA7-AF66-7F7E7D6741A3}.Debug|ARM64.Build.0 = Debug|Any CPU
		{237D82C7-9CF2-4BA7-AF66-7F7E7D6741A3}.Debug|x64.ActiveCfg = Debug|Any CPU
		{237D82C7-9CF2-4BA7-AF66-7F7E7D6741A3}.Debug|x64.Build.0 = Debug|Any CPU
		{237D82C7-9CF2-4BA7-AF66-7F7E7D6741A3}.Debug|x86.ActiveCfg = Debug|Any CPU
		{237D82C7-9CF2-4BA7-AF66-7F7E7D6741A3}.Debug|x86.Build.0 = Debug|Any CPU
		{237D82C7-9CF2-4BA7-AF66-7F7E7D6741A3}.Release|Any CPU.ActiveCfg = Release|Any CPU
		{237D82C7-9CF2-4BA7-AF66-7F7E7D6741A3}.Release|Any CPU.Build.0 = Release|Any CPU
		{237D82C7-9CF2-4BA7-AF66-7F7E7D6741A3}.Release|ARM.ActiveCfg = Release|Any CPU
		{237D82C7-9CF2-4BA7-AF66-7F7E7D6741A3}.Release|ARM.Build.0 = Release|Any CPU
		{237D82C7-9CF2-4BA7-AF66-7F7E7D6741A3}.Release|ARM64.ActiveCfg = Release|Any CPU
		{237D82C7-9CF2-4BA7-AF66-7F7E7D6741A3}.Release|ARM64.Build.0 = Release|Any CPU
		{237D82C7-9CF2-4BA7-AF66-7F7E7D6741A3}.Release|x64.ActiveCfg = Release|Any CPU
		{237D82C7-9CF2-4BA7-AF66-7F7E7D6741A3}.Release|x64.Build.0 = Release|Any CPU
		{237D82C7-9CF2-4BA7-AF66-7F7E7D6741A3}.Release|x86.ActiveCfg = Release|Any CPU
		{237D82C7-9CF2-4BA7-AF66-7F7E7D6741A3}.Release|x86.Build.0 = Release|Any CPU

	EndGlobalSection
	GlobalSection(SolutionProperties) = preSolution
		HideSolutionNode = FALSE
	EndGlobalSection
	GlobalSection(ExtensibilityGlobals) = postSolution
		SolutionGuid = {80A56D26-9320-459B-9413-C793553AF01C}
	EndGlobalSection
EndGlobal
